<Solution>
  <Configurations>
    <Platform Name="x64" />
  </Configurations>
  <Project Path="DesktopClock.Core/DesktopClock.Core.csproj">
    <Platform Project="x64" />
  </Project>
  <Project Path="DesktopClock.Tests.xUnit/DesktopClock.Tests.xUnit.csproj">
    <BuildDependency Project="DesktopClock.Core/DesktopClock.Core.csproj" />
    <Platform Project="x64" />
  </Project>
  <Project Path="DesktopClock/DesktopClock.csproj">
    <BuildDependency Project="DesktopClock.Core/DesktopClock.Core.csproj" />
    <BuildDependency Project="DesktopClock.Win32/DesktopClock.Win32.csproj" />
    <Platform Project="x64" />
  </Project>
  <Project Path="DesktopClock.Win32/DesktopClock.Win32.csproj">
    <Platform Project="x64" />
  </Project>
</Solution>
